
Microsoft Visual Studio Solution File, Format Version 12.00
# Visual Studio Version 16
VisualStudioVersion = 16.0.31702.278
MinimumVisualStudioVersion = 10.0.40219.1
Project("{FAE04EC0-301F-11D3-BF4B-00C04F79EFBC}") = "UC1tic_tac_toe", "UC1tic_tac_toe\UC1tic_tac_toe.csproj", "{B8B52136-9EBF-4F9B-B8E2-12A6CF778343}"
EndProject
Global
	GlobalSection(SolutionConfigurationPlatforms) = preSolution
		Debug|Any CPU = Debug|Any CPU
		Release|Any CPU = Release|Any CPU
	EndGlobalSection
	GlobalSection(ProjectConfigurationPlatforms) = postSolution
		{B8B52136-9EBF-4F9B-B8E2-12A6CF778343}.Debug|Any CPU.ActiveCfg = Debug|Any CPU
		{B8B52136-9EBF-4F9B-B8E2-12A6CF778343}.Debug|Any CPU.Build.0 = Debug|Any CPU
		{B8B52136-9EBF-4F9B-B8E2-12A6CF778343}.Release|Any CPU.ActiveCfg = Release|Any CPU
		{B8B52136-9EBF-4F9B-B8E2-12A6CF778343}.Release|Any CPU.Build.0 = Release|Any CPU
	EndGlobalSection
	GlobalSection(SolutionProperties) = preSolution
		HideSolutionNode = FALSE
	EndGlobalSection
	GlobalSection(ExtensibilityGlobals) = postSolution
		SolutionGuid = {2D5C938B-A0FB-40CD-9A53-09A4C56480BE}
	EndGlobalSection
EndGlobal
